Microsoft Visual Studio Solution File, Format Version 12.00
# Visual Studio Version 17
VisualStudioVersion = 17.5.2.0
MinimumVisualStudioVersion = 10.0.40219.1
Project("{2150E333-8FDC-42A3-9474-1A3956D46DE8}") = "src", "src", "{827E0CD3-B72D-47B6-A68D-7590B98EB39B}"
EndProject
Project("{FAE04EC0-301F-11D3-BF4B-00C04F79EFBC}") = "ChatApp", "src\ChatApp\ChatApp.csproj", "{4A3346A8-E461-211E-E096-C07E46CBEC23}"
EndProject
Project("{FAE04EC0-301F-11D3-BF4B-00C04F79EFBC}") = "ChatApi", "src\ChatApi\ChatApi.csproj", "{B55E3FD2-AA53-8E80-5E3E-DB019B1CCE10}"
EndProject
Global
	GlobalSection(SolutionConfigurationPlatforms) = preSolution
		Debug|Any CPU = Debug|Any CPU
		Release|Any CPU = Release|Any CPU
	EndGlobalSection
	GlobalSection(ProjectConfigurationPlatforms) = postSolution
		{4A3346A8-E461-211E-E096-C07E46CBEC23}.Debug|Any CPU.ActiveCfg = Debug|Any CPU
		{4A3346A8-E461-211E-E096-C07E46CBEC23}.Debug|Any CPU.Build.0 = Debug|Any CPU
		{4A3346A8-E461-211E-E096-C07E46CBEC23}.Release|Any CPU.ActiveCfg = Release|Any CPU
		{4A3346A8-E461-211E-E096-C07E46CBEC23}.Release|Any CPU.Build.0 = Release|Any CPU
		{B55E3FD2-AA53-8E80-5E3E-DB019B1CCE10}.Debug|Any CPU.ActiveCfg = Debug|Any CPU
		{B55E3FD2-AA53-8E80-5E3E-DB019B1CCE10}.Debug|Any CPU.Build.0 = Debug|Any CPU
		{B55E3FD2-AA53-8E80-5E3E-DB019B1CCE10}.Release|Any CPU.ActiveCfg = Release|Any CPU
		{B55E3FD2-AA53-8E80-5E3E-DB019B1CCE10}.Release|Any CPU.Build.0 = Release|Any CPU
	EndGlobalSection
	GlobalSection(SolutionProperties) = preSolution
		HideSolutionNode = FALSE
	EndGlobalSection
	GlobalSection(NestedProjects) = preSolution
		{4A3346A8-E461-211E-E096-C07E46CBEC23} = {827E0CD3-B72D-47B6-A68D-7590B98EB39B}
		{B55E3FD2-AA53-8E80-5E3E-DB019B1CCE10} = {827E0CD3-B72D-47B6-A68D-7590B98EB39B}
	EndGlobalSection
	GlobalSection(ExtensibilityGlobals) = postSolution
		SolutionGuid = {9B7BCA64-FD2B-426D-8B19-1F9923439175}
	EndGlobalSection
EndGlobal
